
Microsoft Visual Studio Solution File, Format Version 12.00
# Visual Studio Version 17
VisualStudioVersion = 17.3.32901.215
MinimumVisualStudioVersion = 10.0.40219.1
Project("{FAE04EC0-301F-11D3-BF4B-00C04F79EFBC}") = "ASP HW3", "ASP HW3\ASP HW3.csproj", "{253D8B74-0BBC-4618-BF9F-BEF8AF7D632F}"
EndProject
Global
	GlobalSection(SolutionConfigurationPlatforms) = preSolution
		Debug|Any CPU = Debug|Any CPU
		Release|Any CPU = Release|Any CPU
	EndGlobalSection
	GlobalSection(ProjectConfigurationPlatforms) = postSolution
		{253D8B74-0BBC-4618-BF9F-BEF8AF7D632F}.Debug|Any CPU.ActiveCfg = Debug|Any CPU
		{253D8B74-0BBC-4618-BF9F-BEF8AF7D632F}.Debug|Any CPU.Build.0 = Debug|Any CPU
		{253D8B74-0BBC-4618-BF9F-BEF8AF7D632F}.Release|Any CPU.ActiveCfg = Release|Any CPU
		{253D8B74-0BBC-4618-BF9F-BEF8AF7D632F}.Release|Any CPU.Build.0 = Release|Any CPU
	EndGlobalSection
	GlobalSection(SolutionProperties) = preSolution
		HideSolutionNode = FALSE
	EndGlobalSection
	GlobalSection(ExtensibilityGlobals) = postSolution
		SolutionGuid = {3936ADB2-0FBD-4DBA-B625-922661365F25}
	EndGlobalSection
EndGlobal
